
Microsoft Visual Studio Solution File, Format Version 12.00
# Visual Studio 14
VisualStudioVersion = 14.0.25420.1
MinimumVisualStudioVersion = 10.0.40219.1
Project("{FAE04EC0-301F-11D3-BF4B-00C04F79EFBC}") = "Tudien", "Tudien\Tudien.csproj", "{A0F4A8FA-70FA-4A26-80D5-B06BBA0C49F8}"
EndProject
Project("{54435603-DBB4-11D2-8724-00A0C9A8B90C}") = "TuDienCuaToi", "TuDienCuaToi\TuDienCuaToi.vdproj", "{7AE08CA0-736D-4E9E-A545-C14759FC68C3}"
EndProject
Global
	GlobalSection(SolutionConfigurationPlatforms) = preSolution
		Debug|Any CPU = Debug|Any CPU
		Release|Any CPU = Release|Any CPU
	EndGlobalSection
	GlobalSection(ProjectConfigurationPlatforms) = postSolution
		{A0F4A8FA-70FA-4A26-80D5-B06BBA0C49F8}.Debug|Any CPU.ActiveCfg = Debug|Any CPU
		{A0F4A8FA-70FA-4A26-80D5-B06BBA0C49F8}.Debug|Any CPU.Build.0 = Debug|Any CPU
		{A0F4A8FA-70FA-4A26-80D5-B06BBA0C49F8}.Release|Any CPU.ActiveCfg = Release|Any CPU
		{A0F4A8FA-70FA-4A26-80D5-B06BBA0C49F8}.Release|Any CPU.Build.0 = Release|Any CPU
		{7AE08CA0-736D-4E9E-A545-C14759FC68C3}.Debug|Any CPU.ActiveCfg = Debug
		{7AE08CA0-736D-4E9E-A545-C14759FC68C3}.Release|Any CPU.ActiveCfg = Release
	EndGlobalSection
	GlobalSection(SolutionProperties) = preSolution
		HideSolutionNode = FALSE
	EndGlobalSection
EndGlobal
